
Microsoft Visual Studio Solution File, Format Version 12.00
# Visual Studio Version 17
VisualStudioVersion = 17.8.34330.188
MinimumVisualStudioVersion = 10.0.40219.1
Project("{2150E333-8FDC-42A3-9474-1A3956D46DE8}") = "src", "src", "{9F751CE4-44F1-4F87-8902-AF518F08AE2E}"
EndProject
Project("{9A19103F-16F7-4668-BE54-9A1E7A4F7556}") = "AOTWebApi", "src\AOTWebApi\AOTWebApi.csproj", "{994F54B2-4DB3-4E00-A7FA-537878D8ABC5}"
EndProject
Project("{9A19103F-16F7-4668-BE54-9A1E7A4F7556}") = "NoAOTWebApi", "src\NoAOTWebApi\NoAOTWebApi.csproj", "{AABB70C2-C955-41CC-ABDA-C4F09595E4C0}"
EndProject
Project("{9A19103F-16F7-4668-BE54-9A1E7A4F7556}") = "Shared", "src\Shared\Shared.csproj", "{AA63B8A4-48BF-427C-9292-E59C5F2A5C10}"
EndProject
Project("{2150E333-8FDC-42A3-9474-1A3956D46DE8}") = "Elementos de la solución", "Elementos de la solución", "{8AB3D1F3-9E58-4BD1-AC9E-4C1C6A659003}"
	ProjectSection(SolutionItems) = preProject
		Readme.md = Readme.md
	EndProjectSection
EndProject
Global
	GlobalSection(SolutionConfigurationPlatforms) = preSolution
		Debug|Any CPU = Debug|Any CPU
		Debug|x64 = Debug|x64
		Debug|x86 = Debug|x86
		Release|Any CPU = Release|Any CPU
		Release|x64 = Release|x64
		Release|x86 = Release|x86
	EndGlobalSection
	GlobalSection(ProjectConfigurationPlatforms) = postSolution
		{994F54B2-4DB3-4E00-A7FA-537878D8ABC5}.Debug|Any CPU.ActiveCfg = Debug|Any CPU
		{994F54B2-4DB3-4E00-A7FA-537878D8ABC5}.Debug|Any CPU.Build.0 = Debug|Any CPU
		{994F54B2-4DB3-4E00-A7FA-537878D8ABC5}.Debug|x64.ActiveCfg = Debug|Any CPU
		{994F54B2-4DB3-4E00-A7FA-537878D8ABC5}.Debug|x64.Build.0 = Debug|Any CPU
		{994F54B2-4DB3-4E00-A7FA-537878D8ABC5}.Debug|x86.ActiveCfg = Debug|Any CPU
		{994F54B2-4DB3-4E00-A7FA-537878D8ABC5}.Debug|x86.Build.0 = Debug|Any CPU
		{994F54B2-4DB3-4E00-A7FA-537878D8ABC5}.Release|Any CPU.ActiveCfg = Release|Any CPU
		{994F54B2-4DB3-4E00-A7FA-537878D8ABC5}.Release|Any CPU.Build.0 = Release|Any CPU
		{994F54B2-4DB3-4E00-A7FA-537878D8ABC5}.Release|x64.ActiveCfg = Release|Any CPU
		{994F54B2-4DB3-4E00-A7FA-537878D8ABC5}.Release|x64.Build.0 = Release|Any CPU
		{994F54B2-4DB3-4E00-A7FA-537878D8ABC5}.Release|x86.ActiveCfg = Release|Any CPU
		{994F54B2-4DB3-4E00-A7FA-537878D8ABC5}.Release|x86.Build.0 = Release|Any CPU
		{AABB70C2-C955-41CC-ABDA-C4F09595E4C0}.Debug|Any CPU.ActiveCfg = Debug|Any CPU
		{AABB70C2-C955-41CC-ABDA-C4F09595E4C0}.Debug|Any CPU.Build.0 = Debug|Any CPU
		{AABB70C2-C955-41CC-ABDA-C4F09595E4C0}.Debug|x64.ActiveCfg = Debug|Any CPU
		{AABB70C2-C955-41CC-ABDA-C4F09595E4C0}.Debug|x64.Build.0 = Debug|Any CPU
		{AABB70C2-C955-41CC-ABDA-C4F09595E4C0}.Debug|x86.ActiveCfg = Debug|Any CPU
		{AABB70C2-C955-41CC-ABDA-C4F09595E4C0}.Debug|x86.Build.0 = Debug|Any CPU
		{AABB70C2-C955-41CC-ABDA-C4F09595E4C0}.Release|Any CPU.ActiveCfg = Release|Any CPU
		{AABB70C2-C955-41CC-ABDA-C4F09595E4C0}.Release|Any CPU.Build.0 = Release|Any CPU
		{AABB70C2-C955-41CC-ABDA-C4F09595E4C0}.Release|x64.ActiveCfg = Release|Any CPU
		{AABB70C2-C955-41CC-ABDA-C4F09595E4C0}.Release|x64.Build.0 = Release|Any CPU
		{AABB70C2-C955-41CC-ABDA-C4F09595E4C0}.Release|x86.ActiveCfg = Release|Any CPU
		{AABB70C2-C955-41CC-ABDA-C4F09595E4C0}.Release|x86.Build.0 = Release|Any CPU
		{AA63B8A4-48BF-427C-9292-E59C5F2A5C10}.Debug|Any CPU.ActiveCfg = Debug|Any CPU
		{AA63B8A4-48BF-427C-9292-E59C5F2A5C10}.Debug|Any CPU.Build.0 = Debug|Any CPU
		{AA63B8A4-48BF-427C-9292-E59C5F2A5C10}.Debug|x64.ActiveCfg = Debug|Any CPU
		{AA63B8A4-48BF-427C-9292-E59C5F2A5C10}.Debug|x64.Build.0 = Debug|Any CPU
		{AA63B8A4-48BF-427C-9292-E59C5F2A5C10}.Debug|x86.ActiveCfg = Debug|Any CPU
		{AA63B8A4-48BF-427C-9292-E59C5F2A5C10}.Debug|x86.Build.0 = Debug|Any CPU
		{AA63B8A4-48BF-427C-9292-E59C5F2A5C10}.Release|Any CPU.ActiveCfg = Release|Any CPU
		{AA63B8A4-48BF-427C-9292-E59C5F2A5C10}.Release|Any CPU.Build.0 = Release|Any CPU
		{AA63B8A4-48BF-427C-9292-E59C5F2A5C10}.Release|x64.ActiveCfg = Release|Any CPU
		{AA63B8A4-48BF-427C-9292-E59C5F2A5C10}.Release|x64.Build.0 = Release|Any CPU
		{AA63B8A4-48BF-427C-9292-E59C5F2A5C10}.Release|x86.ActiveCfg = Release|Any CPU
		{AA63B8A4-48BF-427C-9292-E59C5F2A5C10}.Release|x86.Build.0 = Release|Any CPU
	EndGlobalSection
	GlobalSection(SolutionProperties) = preSolution
		HideSolutionNode = FALSE
	EndGlobalSection
	GlobalSection(NestedProjects) = preSolution
		{994F54B2-4DB3-4E00-A7FA-537878D8ABC5} = {9F751CE4-44F1-4F87-8902-AF518F08AE2E}
		{AABB70C2-C955-41CC-ABDA-C4F09595E4C0} = {9F751CE4-44F1-4F87-8902-AF518F08AE2E}
		{AA63B8A4-48BF-427C-9292-E59C5F2A5C10} = {9F751CE4-44F1-4F87-8902-AF518F08AE2E}
	EndGlobalSection
	GlobalSection(ExtensibilityGlobals) = postSolution
		SolutionGuid = {2CEA9CB0-CEB5-4CAE-B410-8370244B1DB2}
	EndGlobalSection
EndGlobal
