
Microsoft Visual Studio Solution File, Format Version 12.00
# Visual Studio Version 17
VisualStudioVersion = 17.8.34330.188
MinimumVisualStudioVersion = 10.0.40219.1
Project("{FAE04EC0-301F-11D3-BF4B-00C04F79EFBC}") = "AOTWebApi", "AOTWebApi\AOTWebApi.csproj", "{AE316C15-1653-4692-BF54-A33B6D40C1BC}"
EndProject
Project("{FAE04EC0-301F-11D3-BF4B-00C04F79EFBC}") = "NoAOTWebApi", "NoAOTWebApi\NoAOTWebApi.csproj", "{43ECF9BA-2D84-466E-8576-DE6444907B8C}"
EndProject
Global
	GlobalSection(SolutionConfigurationPlatforms) = preSolution
		Debug|Any CPU = Debug|Any CPU
		Release|Any CPU = Release|Any CPU
	EndGlobalSection
	GlobalSection(ProjectConfigurationPlatforms) = postSolution
		{AE316C15-1653-4692-BF54-A33B6D40C1BC}.Debug|Any CPU.ActiveCfg = Debug|Any CPU
		{AE316C15-1653-4692-BF54-A33B6D40C1BC}.Debug|Any CPU.Build.0 = Debug|Any CPU
		{AE316C15-1653-4692-BF54-A33B6D40C1BC}.Release|Any CPU.ActiveCfg = Release|Any CPU
		{AE316C15-1653-4692-BF54-A33B6D40C1BC}.Release|Any CPU.Build.0 = Release|Any CPU
		{43ECF9BA-2D84-466E-8576-DE6444907B8C}.Debug|Any CPU.ActiveCfg = Debug|Any CPU
		{43ECF9BA-2D84-466E-8576-DE6444907B8C}.Debug|Any CPU.Build.0 = Debug|Any CPU
		{43ECF9BA-2D84-466E-8576-DE6444907B8C}.Release|Any CPU.ActiveCfg = Release|Any CPU
		{43ECF9BA-2D84-466E-8576-DE6444907B8C}.Release|Any CPU.Build.0 = Release|Any CPU
	EndGlobalSection
	GlobalSection(SolutionProperties) = preSolution
		HideSolutionNode = FALSE
	EndGlobalSection
	GlobalSection(ExtensibilityGlobals) = postSolution
		SolutionGuid = {2CEA9CB0-CEB5-4CAE-B410-8370244B1DB2}
	EndGlobalSection
EndGlobal
